
Microsoft Visual Studio Solution File, Format Version 12.00
# Visual Studio Version 16
VisualStudioVersion = 16.0.30503.244
MinimumVisualStudioVersion = 10.0.40219.1
Project("{FAE04EC0-301F-11D3-BF4B-00C04F79EFBC}") = "CustomProgram", "CustomProgram\CustomProgram.csproj", "{2A35F306-7045-4CFA-8F9C-B65109C17776}"
EndProject
Project("{FAE04EC0-301F-11D3-BF4B-00C04F79EFBC}") = "CustomProgram_NUnitTests", "CustomProgram_NUnitTests\CustomProgram_NUnitTests.csproj", "{8ECB45A4-F9CF-4C8E-B99C-B1FFC3533CBC}"
EndProject
Global
	GlobalSection(SolutionConfigurationPlatforms) = preSolution
		Debug|Any CPU = Debug|Any CPU
		Release|Any CPU = Release|Any CPU
	EndGlobalSection
	GlobalSection(ProjectConfigurationPlatforms) = postSolution
		{2A35F306-7045-4CFA-8F9C-B65109C17776}.Debug|Any CPU.ActiveCfg = Debug|Any CPU
		{2A35F306-7045-4CFA-8F9C-B65109C17776}.Debug|Any CPU.Build.0 = Debug|Any CPU
		{2A35F306-7045-4CFA-8F9C-B65109C17776}.Release|Any CPU.ActiveCfg = Release|Any CPU
		{2A35F306-7045-4CFA-8F9C-B65109C17776}.Release|Any CPU.Build.0 = Release|Any CPU
		{8ECB45A4-F9CF-4C8E-B99C-B1FFC3533CBC}.Debug|Any CPU.ActiveCfg = Debug|Any CPU
		{8ECB45A4-F9CF-4C8E-B99C-B1FFC3533CBC}.Debug|Any CPU.Build.0 = Debug|Any CPU
		{8ECB45A4-F9CF-4C8E-B99C-B1FFC3533CBC}.Release|Any CPU.ActiveCfg = Release|Any CPU
		{8ECB45A4-F9CF-4C8E-B99C-B1FFC3533CBC}.Release|Any CPU.Build.0 = Release|Any CPU
	EndGlobalSection
	GlobalSection(SolutionProperties) = preSolution
		HideSolutionNode = FALSE
	EndGlobalSection
	GlobalSection(ExtensibilityGlobals) = postSolution
		SolutionGuid = {E8747786-6F32-466C-B742-5154D92F8C78}
	EndGlobalSection
EndGlobal
